// !$*UTF8*$!
{
	archiveVersion = 1;
	classes = {
	};
	objectVersion = 46;
	objects = {

/* Begin PBXBuildFile section */
		B4560D92155ADA2E004E9F49 /* UIKit.framework in Frameworks */ = {isa = PBXBuildFile; fileRef = B4560D91155ADA2E004E9F49 /* UIKit.framework */; };
		B4560D94155ADA2E004E9F49 /* Foundation.framework in Frameworks */ = {isa = PBXBuildFile; fileRef = B4560D93155ADA2E004E9F49 /* Foundation.framework */; };
		B4560D96155ADA2E004E9F49 /* CoreGraphics.framework in Frameworks */ = {isa = PBXBuildFile; fileRef = B4560D95155ADA2E004E9F49 /* CoreGraphics.framework */; };
		B4560D9C155ADA2F004E9F49 /* InfoPlist.strings in Resources */ = {isa = PBXBuildFile; fileRef = B4560D9A155ADA2F004E9F49 /* InfoPlist.strings */; };
		B4560D9E155ADA2F004E9F49 /* main.m in Sources */ = {isa = PBXBuildFile; fileRef = B4560D9D155ADA2F004E9F49 /* main.m */; };
		B4560DA2155ADA2F004E9F49 /* AppDelegate.m in Sources */ = {isa = PBXBuildFile; fileRef = B4560DA1155ADA2F004E9F49 /* AppDelegate.m */; };
		B4560DA5155ADA2F004E9F49 /* MainStoryboard_iPhone.storyboard in Resources */ = {isa = PBXBuildFile; fileRef = B4560DA3155ADA2F004E9F49 /* MainStoryboard_iPhone.storyboard */; };
		B4560DA8155ADA2F004E9F49 /* MainStoryboard_iPad.storyboard in Resources */ = {isa = PBXBuildFile; fileRef = B4560DA6155ADA2F004E9F49 /* MainStoryboard_iPad.storyboard */; };
		B4560DAB155ADA2F004E9F49 /* MasterViewController.m in Sources */ = {isa = PBXBuildFile; fileRef = B4560DAA155ADA2F004E9F49 /* MasterViewController.m */; };
		B4560DAE155ADA2F004E9F49 /* DetailViewController.m in Sources */ = {isa = PBXBuildFile; fileRef = B4560DAD155ADA2F004E9F49 /* DetailViewController.m */; };
		B4560DB5155ADB12004E9F49 /* Data.plist in Resources */ = {isa = PBXBuildFile; fileRef = B4560DB4155ADB12004E9F49 /* Data.plist */; };
		B4560DB9155AEAC9004E9F49 /* AccelerometerVC.m in Sources */ = {isa = PBXBuildFile; fileRef = B4560DB8155AEAC9004E9F49 /* AccelerometerVC.m */; };
		B4560DBB155AF532004E9F49 /* device_axes.jpg in Resources */ = {isa = PBXBuildFile; fileRef = B4560DBA155AF532004E9F49 /* device_axes.jpg */; };
/* End PBXBuildFile section */

/* Begin PBXFileReference section */
		B4560D8D155ADA2E004E9F49 /* UXTool.app */ = {isa = PBXFileReference; explicitFileType = wrapper.application; includeInIndex = 0; path = UXTool.app; sourceTree = BUILT_PRODUCTS_DIR; };
		B4560D91155ADA2E004E9F49 /* UIKit.framework */ = {isa = PBXFileReference; lastKnownFileType = wrapper.framework; name = UIKit.framework; path = System/Library/Frameworks/UIKit.framework; sourceTree = SDKROOT; };
		B4560D93155ADA2E004E9F49 /* Foundation.framework */ = {isa = PBXFileReference; lastKnownFileType = wrapper.framework; name = Foundation.framework; path = System/Library/Frameworks/Foundation.framework; sourceTree = SDKROOT; };
		B4560D95155ADA2E004E9F49 /* CoreGraphics.framework */ = {isa = PBXFileReference; lastKnownFileType = wrapper.framework; name = CoreGraphics.framework; path = System/Library/Frameworks/CoreGraphics.framework; sourceTree = SDKROOT; };
		B4560D99155ADA2F004E9F49 /* UXTool-Info.plist */ = {isa = PBXFileReference; lastKnownFileType = text.plist.xml; path = "UXTool-Info.plist"; sourceTree = "<group>"; };
		B4560D9B155ADA2F004E9F49 /* en */ = {isa = PBXFileReference; lastKnownFileType = text.plist.strings; name = en; path = en.lproj/InfoPlist.strings; sourceTree = "<group>"; };
		B4560D9D155ADA2F004E9F49 /* main.m */ = {isa = PBXFileReference; lastKnownFileType = sourcecode.c.objc; path = main.m; sourceTree = "<group>"; };
		B4560D9F155ADA2F004E9F49 /* UXTool-Prefix.pch */ = {isa = PBXFileReference; lastKnownFileType = sourcecode.c.h; path = "UXTool-Prefix.pch"; sourceTree = "<group>"; };
		B4560DA0155ADA2F004E9F49 /* AppDelegate.h */ = {isa = PBXFileReference; lastKnownFileType = sourcecode.c.h; path = AppDelegate.h; sourceTree = "<group>"; };
		B4560DA1155ADA2F004E9F49 /* AppDelegate.m */ = {isa = PBXFileReference; lastKnownFileType = sourcecode.c.objc; path = AppDelegate.m; sourceTree = "<group>"; };
		B4560DA4155ADA2F004E9F49 /* en */ = {isa = PBXFileReference; lastKnownFileType = file.storyboard; name = en; path = en.lproj/MainStoryboard_iPhone.storyboard; sourceTree = "<group>"; };
		B4560DA7155ADA2F004E9F49 /* en */ = {isa = PBXFileReference; lastKnownFileType = file.storyboard; name = en; path = en.lproj/MainStoryboard_iPad.storyboard; sourceTree = "<group>"; };
		B4560DA9155ADA2F004E9F49 /* MasterViewController.h */ = {isa = PBXFileReference; lastKnownFileType = sourcecode.c.h; path = MasterViewController.h; sourceTree = "<group>"; };
		B4560DAA155ADA2F004E9F49 /* MasterViewController.m */ = {isa = PBXFileReference; lastKnownFileType = sourcecode.c.objc; path = MasterViewController.m; sourceTree = "<group>"; };
		B4560DAC155ADA2F004E9F49 /* DetailViewController.h */ = {isa = PBXFileReference; lastKnownFileType = sourcecode.c.h; path = DetailViewController.h; sourceTree = "<group>"; };
		B4560DAD155ADA2F004E9F49 /* DetailViewController.m */ = {isa = PBXFileReference; lastKnownFileType = sourcecode.c.objc; path = DetailViewController.m; sourceTree = "<group>"; };
		B4560DB4155ADB12004E9F49 /* Data.plist */ = {isa = PBXFileReference; fileEncoding = 4; lastKnownFileType = text.plist.xml; path = Data.plist; sourceTree = "<group>"; };
		B4560DB7155AEAC9004E9F49 /* AccelerometerVC.h */ = {isa = PBXFileReference; fileEncoding = 4; lastKnownFileType = sourcecode.c.h; path = AccelerometerVC.h; sourceTree = "<group>"; };
		B4560DB8155AEAC9004E9F49 /* AccelerometerVC.m */ = {isa = PBXFileReference; fileEncoding = 4; lastKnownFileType = sourcecode.c.objc; path = AccelerometerVC.m; sourceTree = "<group>"; };
		B4560DBA155AF532004E9F49 /* device_axes.jpg */ = {isa = PBXFileReference; lastKnownFileType = image.jpeg; path = device_axes.jpg; sourceTree = "<group>"; };
/* End PBXFileReference section */

/* Begin PBXFrameworksBuildPhase section */
		B4560D8A155ADA2E004E9F49 /* Frameworks */ = {
			isa = PBXFrameworksBuildPhase;
			buildActionMask = 2147483647;
			files = (
				B4560D92155ADA2E004E9F49 /* UIKit.framework in Frameworks */,
				B4560D94155ADA2E004E9F49 /* Foundation.framework in Frameworks */,
				B4560D96155ADA2E004E9F49 /* CoreGraphics.framework in Frameworks */,
			);
			runOnlyForDeploymentPostprocessing = 0;
		};
/* End PBXFrameworksBuildPhase section */

/* Begin PBXGroup section */
		B4560D82155ADA2E004E9F49 = {
			isa = PBXGroup;
			children = (
				B4560D97155ADA2F004E9F49 /* UXTool */,
				B4560D90155ADA2E004E9F49 /* Frameworks */,
				B4560D8E155ADA2E004E9F49 /* Products */,
			);
			sourceTree = "<group>";
		};
		B4560D8E155ADA2E004E9F49 /* Products */ = {
			isa = PBXGroup;
			children = (
				B4560D8D155ADA2E004E9F49 /* UXTool.app */,
			);
			name = Products;
			sourceTree = "<group>";
		};
		B4560D90155ADA2E004E9F49 /* Frameworks */ = {
			isa = PBXGroup;
			children = (
				B4560D91155ADA2E004E9F49 /* UIKit.framework */,
				B4560D93155ADA2E004E9F49 /* Foundation.framework */,
				B4560D95155ADA2E004E9F49 /* CoreGraphics.framework */,
			);
			name = Frameworks;
			sourceTree = "<group>";
		};
		B4560D97155ADA2F004E9F49 /* UXTool */ = {
			isa = PBXGroup;
			children = (
				B4560DA0155ADA2F004E9F49 /* AppDelegate.h */,
				B4560DA1155ADA2F004E9F49 /* AppDelegate.m */,
				B4560DA3155ADA2F004E9F49 /* MainStoryboard_iPhone.storyboard */,
				B4560DA6155ADA2F004E9F49 /* MainStoryboard_iPad.storyboard */,
				B4560DA9155ADA2F004E9F49 /* MasterViewController.h */,
				B4560DAA155ADA2F004E9F49 /* MasterViewController.m */,
				B4560DAC155ADA2F004E9F49 /* DetailViewController.h */,
				B4560DAD155ADA2F004E9F49 /* DetailViewController.m */,
				B4560DB6155AE816004E9F49 /* Detail View Controllers */,
				B4560DB4155ADB12004E9F49 /* Data.plist */,
				B4560D98155ADA2F004E9F49 /* Supporting Files */,
			);
			path = UXTool;
			sourceTree = "<group>";
		};
		B4560D98155ADA2F004E9F49 /* Supporting Files */ = {
			isa = PBXGroup;
			children = (
				B4560D99155ADA2F004E9F49 /* UXTool-Info.plist */,
				B4560D9A155ADA2F004E9F49 /* InfoPlist.strings */,
				B4560D9D155ADA2F004E9F49 /* main.m */,
				B4560D9F155ADA2F004E9F49 /* UXTool-Prefix.pch */,
				B4560DBA155AF532004E9F49 /* device_axes.jpg */,
			);
			name = "Supporting Files";
			sourceTree = "<group>";
		};
		B4560DB6155AE816004E9F49 /* Detail View Controllers */ = {
			isa = PBXGroup;
			children = (
				B4560DB7155AEAC9004E9F49 /* AccelerometerVC.h */,
				B4560DB8155AEAC9004E9F49 /* AccelerometerVC.m */,
			);
			name = "Detail View Controllers";
			sourceTree = "<group>";
		};
/* End PBXGroup section */

/* Begin PBXNativeTarget section */
		B4560D8C155ADA2E004E9F49 /* UXTool */ = {
			isa = PBXNativeTarget;
			buildConfigurationList = B4560DB1155ADA2F004E9F49 /* Build configuration list for PBXNativeTarget "UXTool" */;
			buildPhases = (
				B4560D89155ADA2E004E9F49 /* Sources */,
				B4560D8A155ADA2E004E9F49 /* Frameworks */,
				B4560D8B155ADA2E004E9F49 /* Resources */,
			);
			buildRules = (
			);
			dependencies = (
			);
			name = UXTool;
			productName = UXTool;
			productReference = B4560D8D155ADA2E004E9F49 /* UXTool.app */;
			productType = "com.apple.product-type.application";
		};
/* End PBXNativeTarget section */

/* Begin PBXProject section */
		B4560D84155ADA2E004E9F49 /* Project object */ = {
			isa = PBXProject;
			attributes = {
				LastUpgradeCheck = 0430;
			};
			buildConfigurationList = B4560D87155ADA2E004E9F49 /* Build configuration list for PBXProject "UXTool" */;
			compatibilityVersion = "Xcode 3.2";
			developmentRegion = English;
			hasScannedForEncodings = 0;
			knownRegions = (
				en,
			);
			mainGroup = B4560D82155ADA2E004E9F49;
			productRefGroup = B4560D8E155ADA2E004E9F49 /* Products */;
			projectDirPath = "";
			projectRoot = "";
			targets = (
				B4560D8C155ADA2E004E9F49 /* UXTool */,
			);
		};
/* End PBXProject section */

/* Begin PBXResourcesBuildPhase section */
		B4560D8B155ADA2E004E9F49 /* Resources */ = {
			isa = PBXResourcesBuildPhase;
			buildActionMask = 2147483647;
			files = (
				B4560D9C155ADA2F004E9F49 /* InfoPlist.strings in Resources */,
				B4560DA5155ADA2F004E9F49 /* MainStoryboard_iPhone.storyboard in Resources */,
				B4560DA8155ADA2F004E9F49 /* MainStoryboard_iPad.storyboard in Resources */,
				B4560DB5155ADB12004E9F49 /* Data.plist in Resources */,
				B4560DBB155AF532004E9F49 /* device_axes.jpg in Resources */,
			);
			runOnlyForDeploymentPostprocessing = 0;
		};
/* End PBXResourcesBuildPhase section */

/* Begin PBXSourcesBuildPhase section */
		B4560D89155ADA2E004E9F49 /* Sources */ = {
			isa = PBXSourcesBuildPhase;
			buildActionMask = 2147483647;
			files = (
				B4560D9E155ADA2F004E9F49 /* main.m in Sources */,
				B4560DA2155ADA2F004E9F49 /* AppDelegate.m in Sources */,
				B4560DAB155ADA2F004E9F49 /* MasterViewController.m in Sources */,
				B4560DAE155ADA2F004E9F49 /* DetailViewController.m in Sources */,
				B4560DB9155AEAC9004E9F49 /* AccelerometerVC.m in Sources */,
			);
			runOnlyForDeploymentPostprocessing = 0;
		};
/* End PBXSourcesBuildPhase section */

/* Begin PBXVariantGroup section */
		B4560D9A155ADA2F004E9F49 /* InfoPlist.strings */ = {
			isa = PBXVariantGroup;
			children = (
				B4560D9B155ADA2F004E9F49 /* en */,
			);
			name = InfoPlist.strings;
			sourceTree = "<group>";
		};
		B4560DA3155ADA2F004E9F49 /* MainStoryboard_iPhone.storyboard */ = {
			isa = PBXVariantGroup;
			children = (
				B4560DA4155ADA2F004E9F49 /* en */,
			);
			name = MainStoryboard_iPhone.storyboard;
			sourceTree = "<group>";
		};
		B4560DA6155ADA2F004E9F49 /* MainStoryboard_iPad.storyboard */ = {
			isa = PBXVariantGroup;
			children = (
				B4560DA7155ADA2F004E9F49 /* en */,
			);
			name = MainStoryboard_iPad.storyboard;
			sourceTree = "<group>";
		};
/* End PBXVariantGroup section */

/* Begin XCBuildConfiguration section */
		B4560DAF155ADA2F004E9F49 /* Debug */ = {
			isa = XCBuildConfiguration;
			buildSettings = {
				ALWAYS_SEARCH_USER_PATHS = NO;
				ARCHS = "$(ARCHS_STANDARD_32_BIT)";
				CLANG_ENABLE_OBJC_ARC = YES;
				"CODE_SIGN_IDENTITY[sdk=iphoneos*]" = "iPhone Developer";
				COPY_PHASE_STRIP = NO;
				GCC_C_LANGUAGE_STANDARD = gnu99;
				GCC_DYNAMIC_NO_PIC = NO;
				GCC_OPTIMIZATION_LEVEL = 0;
				GCC_PREPROCESSOR_DEFINITIONS = (
					"DEBUG=1",
					"$(inherited)",
				);
				GCC_SYMBOLS_PRIVATE_EXTERN = NO;
				GCC_VERSION = com.apple.compilers.llvm.clang.1_0;
				GCC_WARN_ABOUT_RETURN_TYPE = YES;
				GCC_WARN_UNINITIALIZED_AUTOS = YES;
				GCC_WARN_UNUSED_VARIABLE = YES;
				IPHONEOS_DEPLOYMENT_TARGET = 5.1;
				SDKROOT = iphoneos;
				TARGETED_DEVICE_FAMILY = "1,2";
			};
			name = Debug;
		};
		B4560DB0155ADA2F004E9F49 /* Release */ = {
			isa = XCBuildConfiguration;
			buildSettings = {
				ALWAYS_SEARCH_USER_PATHS = NO;
				ARCHS = "$(ARCHS_STANDARD_32_BIT)";
				CLANG_ENABLE_OBJC_ARC = YES;
				"CODE_SIGN_IDENTITY[sdk=iphoneos*]" = "iPhone Developer";
				COPY_PHASE_STRIP = YES;
				GCC_C_LANGUAGE_STANDARD = gnu99;
				GCC_VERSION = com.apple.compilers.llvm.clang.1_0;
				GCC_WARN_ABOUT_RETURN_TYPE = YES;
				GCC_WARN_UNINITIALIZED_AUTOS = YES;
				GCC_WARN_UNUSED_VARIABLE = YES;
				IPHONEOS_DEPLOYMENT_TARGET = 5.1;
				OTHER_CFLAGS = "-DNS_BLOCK_ASSERTIONS=1";
				SDKROOT = iphoneos;
				TARGETED_DEVICE_FAMILY = "1,2";
				VALIDATE_PRODUCT = YES;
			};
			name = Release;
		};
		B4560DB2155ADA2F004E9F49 /* Debug */ = {
			isa = XCBuildConfiguration;
			buildSettings = {
				GCC_PRECOMPILE_PREFIX_HEADER = YES;
				GCC_PREFIX_HEADER = "UXTool/UXTool-Prefix.pch";
				INFOPLIST_FILE = "UXTool/UXTool-Info.plist";
				PRODUCT_NAME = "$(TARGET_NAME)";
				WRAPPER_EXTENSION = app;
			};
			name = Debug;
		};
		B4560DB3155ADA2F004E9F49 /* Release */ = {
			isa = XCBuildConfiguration;
			buildSettings = {
				GCC_PRECOMPILE_PREFIX_HEADER = YES;
				GCC_PREFIX_HEADER = "UXTool/UXTool-Prefix.pch";
				INFOPLIST_FILE = "UXTool/UXTool-Info.plist";
				PRODUCT_NAME = "$(TARGET_NAME)";
				WRAPPER_EXTENSION = app;
			};
			name = Release;
		};
/* End XCBuildConfiguration section */

/* Begin XCConfigurationList section */
		B4560D87155ADA2E004E9F49 /* Build configuration list for PBXProject "UXTool" */ = {
			isa = XCConfigurationList;
			buildConfigurations = (
				B4560DAF155ADA2F004E9F49 /* Debug */,
				B4560DB0155ADA2F004E9F49 /* Release */,
			);
			defaultConfigurationIsVisible = 0;
			defaultConfigurationName = Release;
		};
		B4560DB1155ADA2F004E9F49 /* Build configuration list for PBXNativeTarget "UXTool" */ = {
			isa = XCConfigurationList;
			buildConfigurations = (
				B4560DB2155ADA2F004E9F49 /* Debug */,
				B4560DB3155ADA2F004E9F49 /* Release */,
			);
			defaultConfigurationIsVisible = 0;
		};
/* End XCConfigurationList section */
	};
	rootObject = B4560D84155ADA2E004E9F49 /* Project object */;
}
